
Microsoft Visual Studio Solution File, Format Version 12.00
# Visual Studio Version 17
VisualStudioVersion = 17.5.33530.505
MinimumVisualStudioVersion = 10.0.40219.1
Project("{FAE04EC0-301F-11D3-BF4B-00C04F79EFBC}") = "InventoryLock", "InventoryLock.csproj", "{D0BA799D-2FD6-44AA-836A-F3633D7A8D75}"
EndProject
Global
	GlobalSection(SolutionConfigurationPlatforms) = preSolution
		Debug|Any CPU = Debug|Any CPU
		Release|Any CPU = Release|Any CPU
	EndGlobalSection
	GlobalSection(ProjectConfigurationPlatforms) = postSolution
		{D0BA799D-2FD6-44AA-836A-F3633D7A8D75}.Debug|Any CPU.ActiveCfg = Debug|Any CPU
		{D0BA799D-2FD6-44AA-836A-F3633D7A8D75}.Debug|Any CPU.Build.0 = Debug|Any CPU
		{D0BA799D-2FD6-44AA-836A-F3633D7A8D75}.Release|Any CPU.ActiveCfg = Release|Any CPU
		{D0BA799D-2FD6-44AA-836A-F3633D7A8D75}.Release|Any CPU.Build.0 = Release|Any CPU
	EndGlobalSection
	GlobalSection(SolutionProperties) = preSolution
		HideSolutionNode = FALSE
	EndGlobalSection
	GlobalSection(ExtensibilityGlobals) = postSolution
		SolutionGuid = {55BB4827-9D9F-43F1-B667-DDEA9AEACE1F}
	EndGlobalSection
EndGlobal
